
Microsoft Visual Studio Solution File, Format Version 12.00
# Visual Studio Version 17
VisualStudioVersion = 17.1.32203.90
MinimumVisualStudioVersion = 10.0.40219.1
Project("{9A19103F-16F7-4668-BE54-9A1E7A4F7556}") = "SimpleMonaco", "SimpleMonaco\SimpleMonaco.csproj", "{D92DAA20-6F8B-4864-AD16-0D6D8FF9611B}"
EndProject
Global
	GlobalSection(SolutionConfigurationPlatforms) = preSolution
		Debug|Any CPU = Debug|Any CPU
		Debug|x64 = Debug|x64
		Release|Any CPU = Release|Any CPU
		Release|x64 = Release|x64
	EndGlobalSection
	GlobalSection(ProjectConfigurationPlatforms) = postSolution
		{D92DAA20-6F8B-4864-AD16-0D6D8FF9611B}.Debug|Any CPU.ActiveCfg = Debug|Any CPU
		{D92DAA20-6F8B-4864-AD16-0D6D8FF9611B}.Debug|Any CPU.Build.0 = Debug|Any CPU
		{D92DAA20-6F8B-4864-AD16-0D6D8FF9611B}.Debug|x64.ActiveCfg = Debug|x64
		{D92DAA20-6F8B-4864-AD16-0D6D8FF9611B}.Debug|x64.Build.0 = Debug|x64
		{D92DAA20-6F8B-4864-AD16-0D6D8FF9611B}.Release|Any CPU.ActiveCfg = Release|Any CPU
		{D92DAA20-6F8B-4864-AD16-0D6D8FF9611B}.Release|Any CPU.Build.0 = Release|Any CPU
		{D92DAA20-6F8B-4864-AD16-0D6D8FF9611B}.Release|x64.ActiveCfg = Release|Any CPU
		{D92DAA20-6F8B-4864-AD16-0D6D8FF9611B}.Release|x64.Build.0 = Release|Any CPU
	EndGlobalSection
	GlobalSection(SolutionProperties) = preSolution
		HideSolutionNode = FALSE
	EndGlobalSection
	GlobalSection(ExtensibilityGlobals) = postSolution
		SolutionGuid = {069487F5-E257-43DD-AF3B-FCD4F80D97A8}
	EndGlobalSection
EndGlobal
